
Microsoft Visual Studio Solution File, Format Version 12.00
# Visual Studio Version 17
VisualStudioVersion = 17.3.32901.215
MinimumVisualStudioVersion = 10.0.40219.1
Project("{9A19103F-16F7-4668-BE54-9A1E7A4F7556}") = "StudentEnroolment.API", "StudentEnroolment.API\StudentEnroolment.API.csproj", "{0B2B1279-190B-45A8-A5B6-471A1487CC11}"
EndProject
Project("{FAE04EC0-301F-11D3-BF4B-00C04F79EFBC}") = "StudentEnrollment.data", "StudentEnrollment.data\StudentEnrollment.data.csproj", "{8D62B1AF-9E85-4A97-A368-3498C7B41642}"
EndProject
Global
	GlobalSection(SolutionConfigurationPlatforms) = preSolution
		Debug|Any CPU = Debug|Any CPU
		Release|Any CPU = Release|Any CPU
	EndGlobalSection
	GlobalSection(ProjectConfigurationPlatforms) = postSolution
		{0B2B1279-190B-45A8-A5B6-471A1487CC11}.Debug|Any CPU.ActiveCfg = Debug|Any CPU
		{0B2B1279-190B-45A8-A5B6-471A1487CC11}.Debug|Any CPU.Build.0 = Debug|Any CPU
		{0B2B1279-190B-45A8-A5B6-471A1487CC11}.Release|Any CPU.ActiveCfg = Release|Any CPU
		{0B2B1279-190B-45A8-A5B6-471A1487CC11}.Release|Any CPU.Build.0 = Release|Any CPU
		{8D62B1AF-9E85-4A97-A368-3498C7B41642}.Debug|Any CPU.ActiveCfg = Debug|Any CPU
		{8D62B1AF-9E85-4A97-A368-3498C7B41642}.Debug|Any CPU.Build.0 = Debug|Any CPU
		{8D62B1AF-9E85-4A97-A368-3498C7B41642}.Release|Any CPU.ActiveCfg = Release|Any CPU
		{8D62B1AF-9E85-4A97-A368-3498C7B41642}.Release|Any CPU.Build.0 = Release|Any CPU
	EndGlobalSection
	GlobalSection(SolutionProperties) = preSolution
		HideSolutionNode = FALSE
	EndGlobalSection
	GlobalSection(ExtensibilityGlobals) = postSolution
		SolutionGuid = {4ABC7E15-13EC-49FD-ABE0-D383134C5EB5}
	EndGlobalSection
EndGlobal
